
Microsoft Visual Studio Solution File, Format Version 12.00
# Visual Studio 2013
VisualStudioVersion = 12.0.21005.1
MinimumVisualStudioVersion = 10.0.40219.1
Project("{2150E333-8FDC-42A3-9474-1A3956D46DE8}") = "General", "General", "{942C28E6-22AE-402F-AAF3-C936AC252164}"
	ProjectSection(SolutionItems) = preProject
		AssemblyInfo.cs = AssemblyInfo.cs
		readme.txt = readme.txt
	EndProjectSection
EndProject
Project("{2150E333-8FDC-42A3-9474-1A3956D46DE8}") = "Foundation", "Foundation", "{B7FB5067-15AE-4A89-83B5-47314967E6CC}"
EndProject
Project("{2150E333-8FDC-42A3-9474-1A3956D46DE8}") = "UI", "UI", "{3C8179FC-093D-45D3-A92F-4AB64C2C8A81}"
EndProject
Project("{FAE04EC0-301F-11D3-BF4B-00C04F79EFBC}") = "WebBack", "WebBack\WebBack.csproj", "{7151B554-8154-4EAC-A4F8-1A5924D8AA60}"
EndProject
Project("{2150E333-8FDC-42A3-9474-1A3956D46DE8}") = ".nuget", ".nuget", "{EA6F7C4C-3815-4C42-9CFE-98E80FA660F2}"
	ProjectSection(SolutionItems) = preProject
		.nuget\packages.config = .nuget\packages.config
	EndProjectSection
EndProject
Project("{2150E333-8FDC-42A3-9474-1A3956D46DE8}") = "SDK", "SDK", "{B9F5CF6E-4C95-4363-B034-5435590A600A}"
EndProject
Project("{2150E333-8FDC-42A3-9474-1A3956D46DE8}") = "Console", "Console", "{C4D00A02-7646-4B0F-A1E8-6E32EECA404A}"
EndProject
Project("{FAE04EC0-301F-11D3-BF4B-00C04F79EFBC}") = "Lumos.DAL", "DAL\Lumos.DAL.csproj", "{0E039414-2A2E-48B4-8DB7-C4346106FA68}"
EndProject
Project("{FAE04EC0-301F-11D3-BF4B-00C04F79EFBC}") = "Lumos.BLL", "BLL\Lumos.BLL.csproj", "{640A898E-2B63-4A12-AC93-2C61D718CC6C}"
EndProject
Project("{FAE04EC0-301F-11D3-BF4B-00C04F79EFBC}") = "Lumos.Entity", "Entity\Lumos.Entity.csproj", "{C19704C7-7D89-42E8-9F15-D8C1A1A0C525}"
EndProject
Project("{FAE04EC0-301F-11D3-BF4B-00C04F79EFBC}") = "Lumos.Mvc", "MVC\Lumos.Mvc.csproj", "{ED113AD7-1B20-4B05-8961-9B701E51734C}"
EndProject
Project("{FAE04EC0-301F-11D3-BF4B-00C04F79EFBC}") = "Lumos", "Lumos\Lumos.csproj", "{27883666-32AA-447F-AA1F-6128B76FBEE8}"
EndProject
Project("{FAE04EC0-301F-11D3-BF4B-00C04F79EFBC}") = "Lumos.Common", "Common\Lumos.Common.csproj", "{241BDF50-401F-44BF-81CD-ACC2FFC3A952}"
EndProject
Project("{FAE04EC0-301F-11D3-BF4B-00C04F79EFBC}") = "WebStaticResource", "WebStaticResource\WebStaticResource.csproj", "{AC49AF1C-4839-4E24-AB5F-85BFAB60B577}"
EndProject
Project("{FAE04EC0-301F-11D3-BF4B-00C04F79EFBC}") = "WebAppApi", "WebAppApi\WebAppApi.csproj", "{EBEC6AEF-5054-4A01-B516-42148A4F0858}"
EndProject
Project("{FAE04EC0-301F-11D3-BF4B-00C04F79EFBC}") = "WebUploadServer", "WebUploadServer\WebUploadServer.csproj", "{DC473934-369D-4808-9454-C22456F6D9A7}"
EndProject
Project("{FAE04EC0-301F-11D3-BF4B-00C04F79EFBC}") = "MerchantOpenAccount", "MerchantOpenAccount\MerchantOpenAccount.csproj", "{F301A660-8781-48EF-ABD3-6580A7FBF13C}"
EndProject
Project("{FAE04EC0-301F-11D3-BF4B-00C04F79EFBC}") = "BuildSysClientCode", "BuildSysClientCode\BuildSysClientCode.csproj", "{F7943B0E-5918-4864-B302-80FCACEAB4E1}"
EndProject
Project("{FAE04EC0-301F-11D3-BF4B-00C04F79EFBC}") = "AnXinSdk", "AnXin\AnXinSdk.csproj", "{800D66CC-1DD8-4691-A2AE-ACD9C2097E1C}"
EndProject
Project("{FAE04EC0-301F-11D3-BF4B-00C04F79EFBC}") = "MySDK", "MySDK\MySDK.csproj", "{8479FCAF-4AEF-40D4-B76D-246282522FB7}"
EndProject
Global
	GlobalSection(SolutionConfigurationPlatforms) = preSolution
		Debug|Any CPU = Debug|Any CPU
		Release|Any CPU = Release|Any CPU
	EndGlobalSection
	GlobalSection(ProjectConfigurationPlatforms) = postSolution
		{7151B554-8154-4EAC-A4F8-1A5924D8AA60}.Debug|Any CPU.ActiveCfg = Debug|Any CPU
		{7151B554-8154-4EAC-A4F8-1A5924D8AA60}.Debug|Any CPU.Build.0 = Debug|Any CPU
		{7151B554-8154-4EAC-A4F8-1A5924D8AA60}.Release|Any CPU.ActiveCfg = Release|Any CPU
		{7151B554-8154-4EAC-A4F8-1A5924D8AA60}.Release|Any CPU.Build.0 = Release|Any CPU
		{0E039414-2A2E-48B4-8DB7-C4346106FA68}.Debug|Any CPU.ActiveCfg = Debug|Any CPU
		{0E039414-2A2E-48B4-8DB7-C4346106FA68}.Debug|Any CPU.Build.0 = Debug|Any CPU
		{0E039414-2A2E-48B4-8DB7-C4346106FA68}.Release|Any CPU.ActiveCfg = Release|Any CPU
		{0E039414-2A2E-48B4-8DB7-C4346106FA68}.Release|Any CPU.Build.0 = Release|Any CPU
		{640A898E-2B63-4A12-AC93-2C61D718CC6C}.Debug|Any CPU.ActiveCfg = Debug|Any CPU
		{640A898E-2B63-4A12-AC93-2C61D718CC6C}.Debug|Any CPU.Build.0 = Debug|Any CPU
		{640A898E-2B63-4A12-AC93-2C61D718CC6C}.Release|Any CPU.ActiveCfg = Release|Any CPU
		{640A898E-2B63-4A12-AC93-2C61D718CC6C}.Release|Any CPU.Build.0 = Release|Any CPU
		{C19704C7-7D89-42E8-9F15-D8C1A1A0C525}.Debug|Any CPU.ActiveCfg = Debug|Any CPU
		{C19704C7-7D89-42E8-9F15-D8C1A1A0C525}.Debug|Any CPU.Build.0 = Debug|Any CPU
		{C19704C7-7D89-42E8-9F15-D8C1A1A0C525}.Release|Any CPU.ActiveCfg = Release|Any CPU
		{C19704C7-7D89-42E8-9F15-D8C1A1A0C525}.Release|Any CPU.Build.0 = Release|Any CPU
		{ED113AD7-1B20-4B05-8961-9B701E51734C}.Debug|Any CPU.ActiveCfg = Debug|Any CPU
		{ED113AD7-1B20-4B05-8961-9B701E51734C}.Debug|Any CPU.Build.0 = Debug|Any CPU
		{ED113AD7-1B20-4B05-8961-9B701E51734C}.Release|Any CPU.ActiveCfg = Release|Any CPU
		{ED113AD7-1B20-4B05-8961-9B701E51734C}.Release|Any CPU.Build.0 = Release|Any CPU
		{27883666-32AA-447F-AA1F-6128B76FBEE8}.Debug|Any CPU.ActiveCfg = Debug|Any CPU
		{27883666-32AA-447F-AA1F-6128B76FBEE8}.Debug|Any CPU.Build.0 = Debug|Any CPU
		{27883666-32AA-447F-AA1F-6128B76FBEE8}.Release|Any CPU.ActiveCfg = Release|Any CPU
		{27883666-32AA-447F-AA1F-6128B76FBEE8}.Release|Any CPU.Build.0 = Release|Any CPU
		{241BDF50-401F-44BF-81CD-ACC2FFC3A952}.Debug|Any CPU.ActiveCfg = Debug|Any CPU
		{241BDF50-401F-44BF-81CD-ACC2FFC3A952}.Debug|Any CPU.Build.0 = Debug|Any CPU
		{241BDF50-401F-44BF-81CD-ACC2FFC3A952}.Release|Any CPU.ActiveCfg = Release|Any CPU
		{241BDF50-401F-44BF-81CD-ACC2FFC3A952}.Release|Any CPU.Build.0 = Release|Any CPU
		{AC49AF1C-4839-4E24-AB5F-85BFAB60B577}.Debug|Any CPU.ActiveCfg = Debug|Any CPU
		{AC49AF1C-4839-4E24-AB5F-85BFAB60B577}.Debug|Any CPU.Build.0 = Debug|Any CPU
		{AC49AF1C-4839-4E24-AB5F-85BFAB60B577}.Release|Any CPU.ActiveCfg = Release|Any CPU
		{AC49AF1C-4839-4E24-AB5F-85BFAB60B577}.Release|Any CPU.Build.0 = Release|Any CPU
		{EBEC6AEF-5054-4A01-B516-42148A4F0858}.Debug|Any CPU.ActiveCfg = Debug|Any CPU
		{EBEC6AEF-5054-4A01-B516-42148A4F0858}.Debug|Any CPU.Build.0 = Debug|Any CPU
		{EBEC6AEF-5054-4A01-B516-42148A4F0858}.Release|Any CPU.ActiveCfg = Release|Any CPU
		{EBEC6AEF-5054-4A01-B516-42148A4F0858}.Release|Any CPU.Build.0 = Release|Any CPU
		{DC473934-369D-4808-9454-C22456F6D9A7}.Debug|Any CPU.ActiveCfg = Debug|Any CPU
		{DC473934-369D-4808-9454-C22456F6D9A7}.Debug|Any CPU.Build.0 = Debug|Any CPU
		{DC473934-369D-4808-9454-C22456F6D9A7}.Release|Any CPU.ActiveCfg = Release|Any CPU
		{DC473934-369D-4808-9454-C22456F6D9A7}.Release|Any CPU.Build.0 = Release|Any CPU
		{F301A660-8781-48EF-ABD3-6580A7FBF13C}.Debug|Any CPU.ActiveCfg = Debug|Any CPU
		{F301A660-8781-48EF-ABD3-6580A7FBF13C}.Debug|Any CPU.Build.0 = Debug|Any CPU
		{F301A660-8781-48EF-ABD3-6580A7FBF13C}.Release|Any CPU.ActiveCfg = Release|Any CPU
		{F301A660-8781-48EF-ABD3-6580A7FBF13C}.Release|Any CPU.Build.0 = Release|Any CPU
		{F7943B0E-5918-4864-B302-80FCACEAB4E1}.Debug|Any CPU.ActiveCfg = Debug|Any CPU
		{F7943B0E-5918-4864-B302-80FCACEAB4E1}.Debug|Any CPU.Build.0 = Debug|Any CPU
		{F7943B0E-5918-4864-B302-80FCACEAB4E1}.Release|Any CPU.ActiveCfg = Release|Any CPU
		{F7943B0E-5918-4864-B302-80FCACEAB4E1}.Release|Any CPU.Build.0 = Release|Any CPU
		{800D66CC-1DD8-4691-A2AE-ACD9C2097E1C}.Debug|Any CPU.ActiveCfg = Debug|Any CPU
		{800D66CC-1DD8-4691-A2AE-ACD9C2097E1C}.Debug|Any CPU.Build.0 = Debug|Any CPU
		{800D66CC-1DD8-4691-A2AE-ACD9C2097E1C}.Release|Any CPU.ActiveCfg = Release|Any CPU
		{800D66CC-1DD8-4691-A2AE-ACD9C2097E1C}.Release|Any CPU.Build.0 = Release|Any CPU
		{8479FCAF-4AEF-40D4-B76D-246282522FB7}.Debug|Any CPU.ActiveCfg = Debug|Any CPU
		{8479FCAF-4AEF-40D4-B76D-246282522FB7}.Debug|Any CPU.Build.0 = Debug|Any CPU
		{8479FCAF-4AEF-40D4-B76D-246282522FB7}.Release|Any CPU.ActiveCfg = Release|Any CPU
		{8479FCAF-4AEF-40D4-B76D-246282522FB7}.Release|Any CPU.Build.0 = Release|Any CPU
	EndGlobalSection
	GlobalSection(SolutionProperties) = preSolution
		HideSolutionNode = FALSE
	EndGlobalSection
	GlobalSection(NestedProjects) = preSolution
		{0E039414-2A2E-48B4-8DB7-C4346106FA68} = {B7FB5067-15AE-4A89-83B5-47314967E6CC}
		{640A898E-2B63-4A12-AC93-2C61D718CC6C} = {B7FB5067-15AE-4A89-83B5-47314967E6CC}
		{C19704C7-7D89-42E8-9F15-D8C1A1A0C525} = {B7FB5067-15AE-4A89-83B5-47314967E6CC}
		{ED113AD7-1B20-4B05-8961-9B701E51734C} = {B7FB5067-15AE-4A89-83B5-47314967E6CC}
		{27883666-32AA-447F-AA1F-6128B76FBEE8} = {B7FB5067-15AE-4A89-83B5-47314967E6CC}
		{241BDF50-401F-44BF-81CD-ACC2FFC3A952} = {B7FB5067-15AE-4A89-83B5-47314967E6CC}
		{7151B554-8154-4EAC-A4F8-1A5924D8AA60} = {3C8179FC-093D-45D3-A92F-4AB64C2C8A81}
		{C4D00A02-7646-4B0F-A1E8-6E32EECA404A} = {3C8179FC-093D-45D3-A92F-4AB64C2C8A81}
		{AC49AF1C-4839-4E24-AB5F-85BFAB60B577} = {3C8179FC-093D-45D3-A92F-4AB64C2C8A81}
		{EBEC6AEF-5054-4A01-B516-42148A4F0858} = {3C8179FC-093D-45D3-A92F-4AB64C2C8A81}
		{DC473934-369D-4808-9454-C22456F6D9A7} = {3C8179FC-093D-45D3-A92F-4AB64C2C8A81}
		{800D66CC-1DD8-4691-A2AE-ACD9C2097E1C} = {B9F5CF6E-4C95-4363-B034-5435590A600A}
		{8479FCAF-4AEF-40D4-B76D-246282522FB7} = {B9F5CF6E-4C95-4363-B034-5435590A600A}
		{F301A660-8781-48EF-ABD3-6580A7FBF13C} = {C4D00A02-7646-4B0F-A1E8-6E32EECA404A}
		{F7943B0E-5918-4864-B302-80FCACEAB4E1} = {C4D00A02-7646-4B0F-A1E8-6E32EECA404A}
	EndGlobalSection
EndGlobal
